// !$*UTF8*$!
{
	archiveVersion = 1;
	classes = {
	};
	objectVersion = 51;
	objects = {

/* Begin PBXBuildFile section */
		51003FE2270F2F6600215D0B /* Request.swift in Sources */ = {isa = PBXBuildFile; fileRef = 51003FE1270F2F6600215D0B /* Request.swift */; };
		51003FE52710858800215D0B /* RequestHistoryViewController.swift in Sources */ = {isa = PBXBuildFile; fileRef = 51003FE42710858800215D0B /* RequestHistoryViewController.swift */; };
		51003FE72710859800215D0B /* RequestHistoryViewController.storyboard in Resources */ = {isa = PBXBuildFile; fileRef = 51003FE62710859800215D0B /* RequestHistoryViewController.storyboard */; };
		51003FEB2711980400215D0B /* RequestHistoryTableViewCell.swift in Sources */ = {isa = PBXBuildFile; fileRef = 51003FE92711980400215D0B /* RequestHistoryTableViewCell.swift */; };
		51003FEC2711980400215D0B /* RequestHistoryTableViewCell.xib in Resources */ = {isa = PBXBuildFile; fileRef = 51003FEA2711980400215D0B /* RequestHistoryTableViewCell.xib */; };
		510C547B26F7D7C40097AD22 /* HttpManager.swift in Sources */ = {isa = PBXBuildFile; fileRef = 510C547A26F7D7C40097AD22 /* HttpManager.swift */; };
		510C547D26F7D8520097AD22 /* ParseManager.swift in Sources */ = {isa = PBXBuildFile; fileRef = 510C547C26F7D8520097AD22 /* ParseManager.swift */; };
		510C547F26F7D96E0097AD22 /* APIConstants.swift in Sources */ = {isa = PBXBuildFile; fileRef = 510C547E26F7D96E0097AD22 /* APIConstants.swift */; };
		510C548526FA67B10097AD22 /* WeatherInfoViewController.swift in Sources */ = {isa = PBXBuildFile; fileRef = 510C548426FA67B10097AD22 /* WeatherInfoViewController.swift */; };
		510C548726FA67DD0097AD22 /* WeatherInfoViewController.storyboard in Resources */ = {isa = PBXBuildFile; fileRef = 510C548626FA67DD0097AD22 /* WeatherInfoViewController.storyboard */; };
		510C54AC2704AEA20097AD22 /* rain.mp4 in Resources */ = {isa = PBXBuildFile; fileRef = 510C54AB2704AEA10097AD22 /* rain.mp4 */; };
		510C54B1270748F60097AD22 /* thunderstormWithRain.mp4 in Resources */ = {isa = PBXBuildFile; fileRef = 510C54AF270748F60097AD22 /* thunderstormWithRain.mp4 */; };
		510C54B2270748F60097AD22 /* thunderstorm.mp4 in Resources */ = {isa = PBXBuildFile; fileRef = 510C54B0270748F60097AD22 /* thunderstorm.mp4 */; };
		510C54B427074B460097AD22 /* heavyThunderstorm.mp4 in Resources */ = {isa = PBXBuildFile; fileRef = 510C54B327074B450097AD22 /* heavyThunderstorm.mp4 */; };
		510C54B627074CBD0097AD22 /* veryHeavyRain.mp4 in Resources */ = {isa = PBXBuildFile; fileRef = 510C54B527074CBD0097AD22 /* veryHeavyRain.mp4 */; };
		510C54B827074D6E0097AD22 /* ightRain.mp4 in Resources */ = {isa = PBXBuildFile; fileRef = 510C54B727074D6E0097AD22 /* ightRain.mp4 */; };
		510C54BA2708657E0097AD22 /* scatteredСlouds.mp4 in Resources */ = {isa = PBXBuildFile; fileRef = 510C54B92708657D0097AD22 /* scatteredСlouds.mp4 */; };
		510C54BD270866D50097AD22 /* brokenСlouds.mp4 in Resources */ = {isa = PBXBuildFile; fileRef = 510C54BB270866D50097AD22 /* brokenСlouds.mp4 */; };
		510C54BE270866D50097AD22 /* overcastClouds.mp4 in Resources */ = {isa = PBXBuildFile; fileRef = 510C54BC270866D50097AD22 /* overcastClouds.mp4 */; };
		510C54C0270867700097AD22 /* fewClouds 2.mp4 in Resources */ = {isa = PBXBuildFile; fileRef = 510C54BF270867700097AD22 /* fewClouds 2.mp4 */; };
		510C54C2270868880097AD22 /* clearSky.mp4 in Resources */ = {isa = PBXBuildFile; fileRef = 510C54C1270868880097AD22 /* clearSky.mp4 */; };
		510C54D52708CE740097AD22 /* MapViewController.swift in Sources */ = {isa = PBXBuildFile; fileRef = 510C54D42708CE740097AD22 /* MapViewController.swift */; };
		510C54DB270A1FCB0097AD22 /* MapViewController.storyboard in Resources */ = {isa = PBXBuildFile; fileRef = 510C54DA270A1FCA0097AD22 /* MapViewController.storyboard */; };
		510C54DD270A20340097AD22 /* EnterTheCityViewController.storyboard in Resources */ = {isa = PBXBuildFile; fileRef = 510C54DC270A20340097AD22 /* EnterTheCityViewController.storyboard */; };
		5114E5AC27143D640060291E /* WeatherInMyLocationViewController.swift in Sources */ = {isa = PBXBuildFile; fileRef = 5114E5AB27143D640060291E /* WeatherInMyLocationViewController.swift */; };
		5114E5AE27143D7B0060291E /* WeatherInMyLocationViewController.storyboard in Resources */ = {isa = PBXBuildFile; fileRef = 5114E5AD27143D7B0060291E /* WeatherInMyLocationViewController.storyboard */; };
		5119D52826E41E2100DF8567 /* AppDelegate.swift in Sources */ = {isa = PBXBuildFile; fileRef = 5119D52726E41E2100DF8567 /* AppDelegate.swift */; };
		5119D52A26E41E2100DF8567 /* SceneDelegate.swift in Sources */ = {isa = PBXBuildFile; fileRef = 5119D52926E41E2100DF8567 /* SceneDelegate.swift */; };
		5119D52C26E41E2100DF8567 /* EnterTheCityViewController.swift in Sources */ = {isa = PBXBuildFile; fileRef = 5119D52B26E41E2100DF8567 /* EnterTheCityViewController.swift */; };
		5119D52F26E41E2100DF8567 /* Main.storyboard in Resources */ = {isa = PBXBuildFile; fileRef = 5119D52D26E41E2100DF8567 /* Main.storyboard */; };
		5119D53126E41E2600DF8567 /* Assets.xcassets in Resources */ = {isa = PBXBuildFile; fileRef = 5119D53026E41E2600DF8567 /* Assets.xcassets */; };
		5119D53426E41E2600DF8567 /* LaunchScreen.storyboard in Resources */ = {isa = PBXBuildFile; fileRef = 5119D53226E41E2600DF8567 /* LaunchScreen.storyboard */; };
		5119D53C26E55C6E00DF8567 /* WeatherModels.swift in Sources */ = {isa = PBXBuildFile; fileRef = 5119D53B26E55C6E00DF8567 /* WeatherModels.swift */; };
		5124BF9F272424AD00C2D551 /* News_.swift in Sources */ = {isa = PBXBuildFile; fileRef = 5124BF9E272424AD00C2D551 /* News_.swift */; };
		5124BFA32724258B00C2D551 /* NewsTableViewCell.swift in Sources */ = {isa = PBXBuildFile; fileRef = 5124BFA12724258B00C2D551 /* NewsTableViewCell.swift */; };
		5124BFA42724258B00C2D551 /* NewsTableViewCell.xib in Resources */ = {isa = PBXBuildFile; fileRef = 5124BFA22724258B00C2D551 /* NewsTableViewCell.xib */; };
		5124BFA72724B6B500C2D551 /* FullNewsViewController.swift in Sources */ = {isa = PBXBuildFile; fileRef = 5124BFA62724B6B500C2D551 /* FullNewsViewController.swift */; };
		5124BFA92724B6C400C2D551 /* FullNewsViewController.storyboard in Resources */ = {isa = PBXBuildFile; fileRef = 5124BFA82724B6C400C2D551 /* FullNewsViewController.storyboard */; };
		5131BD2F2721A7570038FD96 /* LoadingViewController.swift in Sources */ = {isa = PBXBuildFile; fileRef = 5131BD2E2721A7570038FD96 /* LoadingViewController.swift */; };
		513A276B2722EC4100E717DC /* NewsModels.swift in Sources */ = {isa = PBXBuildFile; fileRef = 513A276A2722EC4100E717DC /* NewsModels.swift */; };
		513A276E2722F8FE00E717DC /* NewsViewController.swift in Sources */ = {isa = PBXBuildFile; fileRef = 513A276D2722F8FE00E717DC /* NewsViewController.swift */; };
		513A27702722F91700E717DC /* NewsViewController.storyboard in Resources */ = {isa = PBXBuildFile; fileRef = 513A276F2722F91700E717DC /* NewsViewController.storyboard */; };
		51475A7A271B049000F09F19 /* TodayWeatherCollectionViewCell.swift in Sources */ = {isa = PBXBuildFile; fileRef = 51475A78271B049000F09F19 /* TodayWeatherCollectionViewCell.swift */; };
		51475A7B271B049000F09F19 /* TodayWeatherCollectionViewCell.xib in Resources */ = {isa = PBXBuildFile; fileRef = 51475A79271B049000F09F19 /* TodayWeatherCollectionViewCell.xib */; };
		51475A7D271B089E00F09F19 /* TodayWeather.swift in Sources */ = {isa = PBXBuildFile; fileRef = 51475A7C271B089E00F09F19 /* TodayWeather.swift */; };
		51475A7F271C1F1400F09F19 /* Int.swift in Sources */ = {isa = PBXBuildFile; fileRef = 51475A7E271C1F1400F09F19 /* Int.swift */; };
		51475A84271CB91100F09F19 /* RCManager.swift in Sources */ = {isa = PBXBuildFile; fileRef = 51475A83271CB91100F09F19 /* RCManager.swift */; };
		51475A87271CD33A00F09F19 /* MapViewController1.swift in Sources */ = {isa = PBXBuildFile; fileRef = 51475A86271CD33A00F09F19 /* MapViewController1.swift */; };
		51475A89271CD34E00F09F19 /* MapViewController1.storyboard in Resources */ = {isa = PBXBuildFile; fileRef = 51475A88271CD34E00F09F19 /* MapViewController1.storyboard */; };
		514FC10E270ED2FD00DA3555 /* TabBarViewController.swift in Sources */ = {isa = PBXBuildFile; fileRef = 514FC10D270ED2FD00DA3555 /* TabBarViewController.swift */; };
		514FC110270F242B00DA3555 /* RealmManager.swift in Sources */ = {isa = PBXBuildFile; fileRef = 514FC10F270F242B00DA3555 /* RealmManager.swift */; };
		51A29FC92718671200E57EEC /* GoogleService-Info.plist in Resources */ = {isa = PBXBuildFile; fileRef = 51A29FC82718671200E57EEC /* GoogleService-Info.plist */; };
		51A29FCB2718728B00E57EEC /* SettingsManager.swift in Sources */ = {isa = PBXBuildFile; fileRef = 51A29FCA2718728B00E57EEC /* SettingsManager.swift */; };
		51A29FCE271894E300E57EEC /* UIViewController + Storyboard.swift in Sources */ = {isa = PBXBuildFile; fileRef = 51A29FCD271894E300E57EEC /* UIViewController + Storyboard.swift */; };
		5736878A1C081460AE581237 /* Pods_Weather.framework in Frameworks */ = {isa = PBXBuildFile; fileRef = 36FE74A8ACF3689448FACE65 /* Pods_Weather.framework */; };
/* End PBXBuildFile section */

/* Begin PBXFileReference section */
		36FE74A8ACF3689448FACE65 /* Pods_Weather.framework */ = {isa = PBXFileReference; explicitFileType = wrapper.framework; includeInIndex = 0; path = Pods_Weather.framework; sourceTree = BUILT_PRODUCTS_DIR; };
		51003FE1270F2F6600215D0B /* Request.swift */ = {isa = PBXFileReference; lastKnownFileType = sourcecode.swift; path = Request.swift; sourceTree = "<group>"; };
		51003FE42710858800215D0B /* RequestHistoryViewController.swift */ = {isa = PBXFileReference; lastKnownFileType = sourcecode.swift; path = RequestHistoryViewController.swift; sourceTree = "<group>"; };
		51003FE62710859800215D0B /* RequestHistoryViewController.storyboard */ = {isa = PBXFileReference; lastKnownFileType = file.storyboard; path = RequestHistoryViewController.storyboard; sourceTree = "<group>"; };
		51003FE92711980400215D0B /* RequestHistoryTableViewCell.swift */ = {isa = PBXFileReference; lastKnownFileType = sourcecode.swift; path = RequestHistoryTableViewCell.swift; sourceTree = "<group>"; };
		51003FEA2711980400215D0B /* RequestHistoryTableViewCell.xib */ = {isa = PBXFileReference; lastKnownFileType = file.xib; path = RequestHistoryTableViewCell.xib; sourceTree = "<group>"; };
		510C547A26F7D7C40097AD22 /* HttpManager.swift */ = {isa = PBXFileReference; lastKnownFileType = sourcecode.swift; path = HttpManager.swift; sourceTree = "<group>"; };
		510C547C26F7D8520097AD22 /* ParseManager.swift */ = {isa = PBXFileReference; lastKnownFileType = sourcecode.swift; path = ParseManager.swift; sourceTree = "<group>"; };
		510C547E26F7D96E0097AD22 /* APIConstants.swift */ = {isa = PBXFileReference; lastKnownFileType = sourcecode.swift; path = APIConstants.swift; sourceTree = "<group>"; };
		510C548426FA67B10097AD22 /* WeatherInfoViewController.swift */ = {isa = PBXFileReference; lastKnownFileType = sourcecode.swift; path = WeatherInfoViewController.swift; sourceTree = "<group>"; };
		510C548626FA67DD0097AD22 /* WeatherInfoViewController.storyboard */ = {isa = PBXFileReference; lastKnownFileType = file.storyboard; path = WeatherInfoViewController.storyboard; sourceTree = "<group>"; };
		510C54AB2704AEA10097AD22 /* rain.mp4 */ = {isa = PBXFileReference; lastKnownFileType = file; path = rain.mp4; sourceTree = "<group>"; };
		510C54AF270748F60097AD22 /* thunderstormWithRain.mp4 */ = {isa = PBXFileReference; lastKnownFileType = file; path = thunderstormWithRain.mp4; sourceTree = "<group>"; };
		510C54B0270748F60097AD22 /* thunderstorm.mp4 */ = {isa = PBXFileReference; lastKnownFileType = file; path = thunderstorm.mp4; sourceTree = "<group>"; };
		510C54B327074B450097AD22 /* heavyThunderstorm.mp4 */ = {isa = PBXFileReference; lastKnownFileType = file; path = heavyThunderstorm.mp4; sourceTree = "<group>"; };
		510C54B527074CBD0097AD22 /* veryHeavyRain.mp4 */ = {isa = PBXFileReference; lastKnownFileType = file; path = veryHeavyRain.mp4; sourceTree = "<group>"; };
		510C54B727074D6E0097AD22 /* ightRain.mp4 */ = {isa = PBXFileReference; lastKnownFileType = file; path = ightRain.mp4; sourceTree = "<group>"; };
		510C54B92708657D0097AD22 /* scatteredСlouds.mp4 */ = {isa = PBXFileReference; lastKnownFileType = file; path = "scatteredСlouds.mp4"; sourceTree = "<group>"; };
		510C54BB270866D50097AD22 /* brokenСlouds.mp4 */ = {isa = PBXFileReference; lastKnownFileType = file; path = "brokenСlouds.mp4"; sourceTree = "<group>"; };
		510C54BC270866D50097AD22 /* overcastClouds.mp4 */ = {isa = PBXFileReference; lastKnownFileType = file; path = overcastClouds.mp4; sourceTree = "<group>"; };
		510C54BF270867700097AD22 /* fewClouds 2.mp4 */ = {isa = PBXFileReference; lastKnownFileType = file; path = "fewClouds 2.mp4"; sourceTree = "<group>"; };
		510C54C1270868880097AD22 /* clearSky.mp4 */ = {isa = PBXFileReference; lastKnownFileType = file; path = clearSky.mp4; sourceTree = "<group>"; };
		510C54D42708CE740097AD22 /* MapViewController.swift */ = {isa = PBXFileReference; lastKnownFileType = sourcecode.swift; path = MapViewController.swift; sourceTree = "<group>"; };
		510C54DA270A1FCA0097AD22 /* MapViewController.storyboard */ = {isa = PBXFileReference; lastKnownFileType = file.storyboard; path = MapViewController.storyboard; sourceTree = "<group>"; };
		510C54DC270A20340097AD22 /* EnterTheCityViewController.storyboard */ = {isa = PBXFileReference; lastKnownFileType = file.storyboard; path = EnterTheCityViewController.storyboard; sourceTree = "<group>"; };
		5114E5AB27143D640060291E /* WeatherInMyLocationViewController.swift */ = {isa = PBXFileReference; lastKnownFileType = sourcecode.swift; path = WeatherInMyLocationViewController.swift; sourceTree = "<group>"; };
		5114E5AD27143D7B0060291E /* WeatherInMyLocationViewController.storyboard */ = {isa = PBXFileReference; lastKnownFileType = file.storyboard; path = WeatherInMyLocationViewController.storyboard; sourceTree = "<group>"; };
		5119D52426E41E2100DF8567 /* Weather.app */ = {isa = PBXFileReference; explicitFileType = wrapper.application; includeInIndex = 0; path = Weather.app; sourceTree = BUILT_PRODUCTS_DIR; };
		5119D52726E41E2100DF8567 /* AppDelegate.swift */ = {isa = PBXFileReference; lastKnownFileType = sourcecode.swift; path = AppDelegate.swift; sourceTree = "<group>"; };
		5119D52926E41E2100DF8567 /* SceneDelegate.swift */ = {isa = PBXFileReference; lastKnownFileType = sourcecode.swift; path = SceneDelegate.swift; sourceTree = "<group>"; };
		5119D52B26E41E2100DF8567 /* EnterTheCityViewController.swift */ = {isa = PBXFileReference; lastKnownFileType = sourcecode.swift; path = EnterTheCityViewController.swift; sourceTree = "<group>"; };
		5119D52E26E41E2100DF8567 /* Base */ = {isa = PBXFileReference; lastKnownFileType = file.storyboard; name = Base; path = Base.lproj/Main.storyboard; sourceTree = "<group>"; };
		5119D53026E41E2600DF8567 /* Assets.xcassets */ = {isa = PBXFileReference; lastKnownFileType = folder.assetcatalog; path = Assets.xcassets; sourceTree = "<group>"; };
		5119D53326E41E2600DF8567 /* Base */ = {isa = PBXFileReference; lastKnownFileType = file.storyboard; name = Base; path = Base.lproj/LaunchScreen.storyboard; sourceTree = "<group>"; };
		5119D53526E41E2600DF8567 /* Info.plist */ = {isa = PBXFileReference; lastKnownFileType = text.plist.xml; path = Info.plist; sourceTree = "<group>"; };
		5119D53B26E55C6E00DF8567 /* WeatherModels.swift */ = {isa = PBXFileReference; lastKnownFileType = sourcecode.swift; path = WeatherModels.swift; sourceTree = "<group>"; };
		5124BF9E272424AD00C2D551 /* News_.swift */ = {isa = PBXFileReference; lastKnownFileType = sourcecode.swift; path = News_.swift; sourceTree = "<group>"; };
		5124BFA12724258B00C2D551 /* NewsTableViewCell.swift */ = {isa = PBXFileReference; lastKnownFileType = sourcecode.swift; path = NewsTableViewCell.swift; sourceTree = "<group>"; };
		5124BFA22724258B00C2D551 /* NewsTableViewCell.xib */ = {isa = PBXFileReference; lastKnownFileType = file.xib; path = NewsTableViewCell.xib; sourceTree = "<group>"; };
		5124BFA62724B6B500C2D551 /* FullNewsViewController.swift */ = {isa = PBXFileReference; lastKnownFileType = sourcecode.swift; path = FullNewsViewController.swift; sourceTree = "<group>"; };
		5124BFA82724B6C400C2D551 /* FullNewsViewController.storyboard */ = {isa = PBXFileReference; lastKnownFileType = file.storyboard; path = FullNewsViewController.storyboard; sourceTree = "<group>"; };
		5131BD2E2721A7570038FD96 /* LoadingViewController.swift */ = {isa = PBXFileReference; lastKnownFileType = sourcecode.swift; path = LoadingViewController.swift; sourceTree = "<group>"; };
		513A276A2722EC4100E717DC /* NewsModels.swift */ = {isa = PBXFileReference; lastKnownFileType = sourcecode.swift; path = NewsModels.swift; sourceTree = "<group>"; };
		513A276D2722F8FE00E717DC /* NewsViewController.swift */ = {isa = PBXFileReference; lastKnownFileType = sourcecode.swift; path = NewsViewController.swift; sourceTree = "<group>"; };
		513A276F2722F91700E717DC /* NewsViewController.storyboard */ = {isa = PBXFileReference; lastKnownFileType = file.storyboard; path = NewsViewController.storyboard; sourceTree = "<group>"; };
		51475A78271B049000F09F19 /* TodayWeatherCollectionViewCell.swift */ = {isa = PBXFileReference; lastKnownFileType = sourcecode.swift; path = TodayWeatherCollectionViewCell.swift; sourceTree = "<group>"; };
		51475A79271B049000F09F19 /* TodayWeatherCollectionViewCell.xib */ = {isa = PBXFileReference; lastKnownFileType = file.xib; path = TodayWeatherCollectionViewCell.xib; sourceTree = "<group>"; };
		51475A7C271B089E00F09F19 /* TodayWeather.swift */ = {isa = PBXFileReference; lastKnownFileType = sourcecode.swift; path = TodayWeather.swift; sourceTree = "<group>"; };
		51475A7E271C1F1400F09F19 /* Int.swift */ = {isa = PBXFileReference; lastKnownFileType = sourcecode.swift; path = Int.swift; sourceTree = "<group>"; };
		51475A83271CB91100F09F19 /* RCManager.swift */ = {isa = PBXFileReference; lastKnownFileType = sourcecode.swift; path = RCManager.swift; sourceTree = "<group>"; };
		51475A86271CD33A00F09F19 /* MapViewController1.swift */ = {isa = PBXFileReference; lastKnownFileType = sourcecode.swift; path = MapViewController1.swift; sourceTree = "<group>"; };
		51475A88271CD34E00F09F19 /* MapViewController1.storyboard */ = {isa = PBXFileReference; lastKnownFileType = file.storyboard; path = MapViewController1.storyboard; sourceTree = "<group>"; };
		514FC10D270ED2FD00DA3555 /* TabBarViewController.swift */ = {isa = PBXFileReference; lastKnownFileType = sourcecode.swift; path = TabBarViewController.swift; sourceTree = "<group>"; };
		514FC10F270F242B00DA3555 /* RealmManager.swift */ = {isa = PBXFileReference; lastKnownFileType = sourcecode.swift; path = RealmManager.swift; sourceTree = "<group>"; };
		51A29FC82718671200E57EEC /* GoogleService-Info.plist */ = {isa = PBXFileReference; lastKnownFileType = text.plist; path = "GoogleService-Info.plist"; sourceTree = SOURCE_ROOT; };
		51A29FCA2718728B00E57EEC /* SettingsManager.swift */ = {isa = PBXFileReference; lastKnownFileType = sourcecode.swift; path = SettingsManager.swift; sourceTree = "<group>"; };
		51A29FCD271894E300E57EEC /* UIViewController + Storyboard.swift */ = {isa = PBXFileReference; lastKnownFileType = sourcecode.swift; path = "UIViewController + Storyboard.swift"; sourceTree = "<group>"; };
		C7271A491ADAE9B47E2C6B92 /* Pods-Weather.debug.xcconfig */ = {isa = PBXFileReference; includeInIndex = 1; lastKnownFileType = text.xcconfig; name = "Pods-Weather.debug.xcconfig"; path = "Target Support Files/Pods-Weather/Pods-Weather.debug.xcconfig"; sourceTree = "<group>"; };
		DC933F6A4115EBCB5EACFB8B /* Pods-Weather.release.xcconfig */ = {isa = PBXFileReference; includeInIndex = 1; lastKnownFileType = text.xcconfig; name = "Pods-Weather.release.xcconfig"; path = "Target Support Files/Pods-Weather/Pods-Weather.release.xcconfig"; sourceTree = "<group>"; };
/* End PBXFileReference section */

/* Begin PBXFrameworksBuildPhase section */
		5119D52126E41E2100DF8567 /* Frameworks */ = {
			isa = PBXFrameworksBuildPhase;
			buildActionMask = 2147483647;
			files = (
				5736878A1C081460AE581237 /* Pods_Weather.framework in Frameworks */,
			);
			runOnlyForDeploymentPostprocessing = 0;
		};
/* End PBXFrameworksBuildPhase section */

/* Begin PBXGroup section */
		51003FE3271084D500215D0B /* RequestHistoryViewController */ = {
			isa = PBXGroup;
			children = (
				51003FE42710858800215D0B /* RequestHistoryViewController.swift */,
				51003FE62710859800215D0B /* RequestHistoryViewController.storyboard */,
			);
			path = RequestHistoryViewController;
			sourceTree = "<group>";
		};
		51003FE82711977E00215D0B /* RequestHistoryTableViewCell */ = {
			isa = PBXGroup;
			children = (
				51003FE92711980400215D0B /* RequestHistoryTableViewCell.swift */,
				51003FEA2711980400215D0B /* RequestHistoryTableViewCell.xib */,
			);
			path = RequestHistoryTableViewCell;
			sourceTree = "<group>";
		};
		510C547926F7D7A50097AD22 /* Http */ = {
			isa = PBXGroup;
			children = (
				510C547A26F7D7C40097AD22 /* HttpManager.swift */,
				510C547C26F7D8520097AD22 /* ParseManager.swift */,
				510C547E26F7D96E0097AD22 /* APIConstants.swift */,
			);
			path = Http;
			sourceTree = "<group>";
		};
		510C548826FA78610097AD22 /* WeatherInfoViewController */ = {
			isa = PBXGroup;
			children = (
				510C548426FA67B10097AD22 /* WeatherInfoViewController.swift */,
				510C548626FA67DD0097AD22 /* WeatherInfoViewController.storyboard */,
			);
			path = WeatherInfoViewController;
			sourceTree = "<group>";
		};
		510C548926FA788A0097AD22 /* EnterTheCityViewController */ = {
			isa = PBXGroup;
			children = (
				5119D52B26E41E2100DF8567 /* EnterTheCityViewController.swift */,
				510C54DC270A20340097AD22 /* EnterTheCityViewController.storyboard */,
			);
			path = EnterTheCityViewController;
			sourceTree = "<group>";
		};
		510C548A26FA78B10097AD22 /* Models */ = {
			isa = PBXGroup;
			children = (
				5119D53B26E55C6E00DF8567 /* WeatherModels.swift */,
				51003FE1270F2F6600215D0B /* Request.swift */,
				51475A7C271B089E00F09F19 /* TodayWeather.swift */,
				513A276A2722EC4100E717DC /* NewsModels.swift */,
				5124BF9E272424AD00C2D551 /* News_.swift */,
			);
			path = Models;
			sourceTree = "<group>";
		};
		510C54AA2704AA5C0097AD22 /* Video */ = {
			isa = PBXGroup;
			children = (
				510C54B327074B450097AD22 /* heavyThunderstorm.mp4 */,
				510C54B0270748F60097AD22 /* thunderstorm.mp4 */,
				510C54B727074D6E0097AD22 /* ightRain.mp4 */,
				510C54BF270867700097AD22 /* fewClouds 2.mp4 */,
				510C54B92708657D0097AD22 /* scatteredСlouds.mp4 */,
				510C54BB270866D50097AD22 /* brokenСlouds.mp4 */,
				510C54C1270868880097AD22 /* clearSky.mp4 */,
				510C54BC270866D50097AD22 /* overcastClouds.mp4 */,
				510C54AF270748F60097AD22 /* thunderstormWithRain.mp4 */,
				510C54B527074CBD0097AD22 /* veryHeavyRain.mp4 */,
				510C54AB2704AEA10097AD22 /* rain.mp4 */,
			);
			path = Video;
			sourceTree = "<group>";
		};
		510C54D32708CE470097AD22 /* MapViewController */ = {
			isa = PBXGroup;
			children = (
				510C54D42708CE740097AD22 /* MapViewController.swift */,
				510C54DA270A1FCA0097AD22 /* MapViewController.storyboard */,
			);
			path = MapViewController;
			sourceTree = "<group>";
		};
		5114E5AA27143CD00060291E /* WeatherInMyLocationViewController */ = {
			isa = PBXGroup;
			children = (
				5114E5AB27143D640060291E /* WeatherInMyLocationViewController.swift */,
				5114E5AD27143D7B0060291E /* WeatherInMyLocationViewController.storyboard */,
			);
			path = WeatherInMyLocationViewController;
			sourceTree = "<group>";
		};
		5119D51B26E41E2000DF8567 = {
			isa = PBXGroup;
			children = (
				5119D52626E41E2100DF8567 /* Weather */,
				5119D52526E41E2100DF8567 /* Products */,
				F71881925EF18AE23679041B /* Pods */,
				E42EA5307223242873031E02 /* Frameworks */,
			);
			sourceTree = "<group>";
		};
		5119D52526E41E2100DF8567 /* Products */ = {
			isa = PBXGroup;
			children = (
				5119D52426E41E2100DF8567 /* Weather.app */,
			);
			name = Products;
			sourceTree = "<group>";
		};
		5119D52626E41E2100DF8567 /* Weather */ = {
			isa = PBXGroup;
			children = (
				5124BFA52724B67E00C2D551 /* FullNewsViewController */,
				513A276C2722F8DF00E717DC /* NewsViewController */,
				51475A85271CD30800F09F19 /* MapViewController1 */,
				51475A82271CB8D700F09F19 /* Managers */,
				51475A81271CB87C00F09F19 /* Cells */,
				51A29FCC271894AB00E57EEC /* Extention */,
				510C54AA2704AA5C0097AD22 /* Video */,
				510C547926F7D7A50097AD22 /* Http */,
				510C548A26FA78B10097AD22 /* Models */,
				514FC10C270ED2A700DA3555 /* TabBarController */,
				510C548926FA788A0097AD22 /* EnterTheCityViewController */,
				5114E5AA27143CD00060291E /* WeatherInMyLocationViewController */,
				51003FE3271084D500215D0B /* RequestHistoryViewController */,
				510C548826FA78610097AD22 /* WeatherInfoViewController */,
				510C54D32708CE470097AD22 /* MapViewController */,
				5119D52926E41E2100DF8567 /* SceneDelegate.swift */,
				5119D52726E41E2100DF8567 /* AppDelegate.swift */,
				5119D53026E41E2600DF8567 /* Assets.xcassets */,
				5119D53226E41E2600DF8567 /* LaunchScreen.storyboard */,
				5119D53526E41E2600DF8567 /* Info.plist */,
				51A29FC82718671200E57EEC /* GoogleService-Info.plist */,
			);
			path = Weather;
			sourceTree = "<group>";
		};
		5124BFA02724252F00C2D551 /* NewsTableViewCell */ = {
			isa = PBXGroup;
			children = (
				5124BFA12724258B00C2D551 /* NewsTableViewCell.swift */,
				5124BFA22724258B00C2D551 /* NewsTableViewCell.xib */,
			);
			path = NewsTableViewCell;
			sourceTree = "<group>";
		};
		5124BFA52724B67E00C2D551 /* FullNewsViewController */ = {
			isa = PBXGroup;
			children = (
				5124BFA62724B6B500C2D551 /* FullNewsViewController.swift */,
				5124BFA82724B6C400C2D551 /* FullNewsViewController.storyboard */,
			);
			path = FullNewsViewController;
			sourceTree = "<group>";
		};
		513A276C2722F8DF00E717DC /* NewsViewController */ = {
			isa = PBXGroup;
			children = (
				513A276D2722F8FE00E717DC /* NewsViewController.swift */,
				513A276F2722F91700E717DC /* NewsViewController.storyboard */,
			);
			path = NewsViewController;
			sourceTree = "<group>";
		};
		51475A77271B042B00F09F19 /* TodayWeatherCollectionViewCell */ = {
			isa = PBXGroup;
			children = (
				51475A78271B049000F09F19 /* TodayWeatherCollectionViewCell.swift */,
				51475A79271B049000F09F19 /* TodayWeatherCollectionViewCell.xib */,
			);
			path = TodayWeatherCollectionViewCell;
			sourceTree = "<group>";
		};
		51475A81271CB87C00F09F19 /* Cells */ = {
			isa = PBXGroup;
			children = (
				5124BFA02724252F00C2D551 /* NewsTableViewCell */,
				51003FE82711977E00215D0B /* RequestHistoryTableViewCell */,
				51475A77271B042B00F09F19 /* TodayWeatherCollectionViewCell */,
			);
			path = Cells;
			sourceTree = "<group>";
		};
		51475A82271CB8D700F09F19 /* Managers */ = {
			isa = PBXGroup;
			children = (
				51475A83271CB91100F09F19 /* RCManager.swift */,
				514FC10F270F242B00DA3555 /* RealmManager.swift */,
				51A29FCA2718728B00E57EEC /* SettingsManager.swift */,
			);
			path = Managers;
			sourceTree = "<group>";
		};
		51475A85271CD30800F09F19 /* MapViewController1 */ = {
			isa = PBXGroup;
			children = (
				51475A86271CD33A00F09F19 /* MapViewController1.swift */,
				51475A88271CD34E00F09F19 /* MapViewController1.storyboard */,
			);
			path = MapViewController1;
			sourceTree = "<group>";
		};
		514FC10C270ED2A700DA3555 /* TabBarController */ = {
			isa = PBXGroup;
			children = (
				514FC10D270ED2FD00DA3555 /* TabBarViewController.swift */,
				5119D52D26E41E2100DF8567 /* Main.storyboard */,
				5131BD2E2721A7570038FD96 /* LoadingViewController.swift */,
			);
			path = TabBarController;
			sourceTree = "<group>";
		};
		51A29FCC271894AB00E57EEC /* Extention */ = {
			isa = PBXGroup;
			children = (
				51A29FCD271894E300E57EEC /* UIViewController + Storyboard.swift */,
				51475A7E271C1F1400F09F19 /* Int.swift */,
			);
			path = Extention;
			sourceTree = "<group>";
		};
		E42EA5307223242873031E02 /* Frameworks */ = {
			isa = PBXGroup;
			children = (
				36FE74A8ACF3689448FACE65 /* Pods_Weather.framework */,
			);
			name = Frameworks;
			sourceTree = "<group>";
		};
		F71881925EF18AE23679041B /* Pods */ = {
			isa = PBXGroup;
			children = (
				C7271A491ADAE9B47E2C6B92 /* Pods-Weather.debug.xcconfig */,
				DC933F6A4115EBCB5EACFB8B /* Pods-Weather.release.xcconfig */,
			);
			path = Pods;
			sourceTree = "<group>";
		};
/* End PBXGroup section */

/* Begin PBXNativeTarget section */
		5119D52326E41E2100DF8567 /* Weather */ = {
			isa = PBXNativeTarget;
			buildConfigurationList = 5119D53826E41E2600DF8567 /* Build configuration list for PBXNativeTarget "Weather" */;
			buildPhases = (
				CE12C135A54A9DB61BF48494 /* [CP] Check Pods Manifest.lock */,
				5119D52026E41E2100DF8567 /* Sources */,
				5119D52126E41E2100DF8567 /* Frameworks */,
				5119D52226E41E2100DF8567 /* Resources */,
				25275048D572E84D4764A7AD /* [CP] Embed Pods Frameworks */,
				51475A80271C346C00F09F19 /* ShellScript */,
				09FD0052D3413D54F4FA0943 /* [CP] Copy Pods Resources */,
			);
			buildRules = (
			);
			dependencies = (
			);
			name = Weather;
			productName = Weather;
			productReference = 5119D52426E41E2100DF8567 /* Weather.app */;
			productType = "com.apple.product-type.application";
		};
/* End PBXNativeTarget section */

/* Begin PBXProject section */
		5119D51C26E41E2000DF8567 /* Project object */ = {
			isa = PBXProject;
			attributes = {
				LastSwiftUpdateCheck = 1250;
				LastUpgradeCheck = 1250;
				TargetAttributes = {
					5119D52326E41E2100DF8567 = {
						CreatedOnToolsVersion = 12.5;
					};
				};
			};
			buildConfigurationList = 5119D51F26E41E2000DF8567 /* Build configuration list for PBXProject "Weather" */;
			compatibilityVersion = "Xcode 9.3";
			developmentRegion = en;
			hasScannedForEncodings = 0;
			knownRegions = (
				en,
				Base,
			);
			mainGroup = 5119D51B26E41E2000DF8567;
			productRefGroup = 5119D52526E41E2100DF8567 /* Products */;
			projectDirPath = "";
			projectRoot = "";
			targets = (
				5119D52326E41E2100DF8567 /* Weather */,
			);
		};
/* End PBXProject section */

/* Begin PBXResourcesBuildPhase section */
		5119D52226E41E2100DF8567 /* Resources */ = {
			isa = PBXResourcesBuildPhase;
			buildActionMask = 2147483647;
			files = (
				510C54DB270A1FCB0097AD22 /* MapViewController.storyboard in Resources */,
				510C54B427074B460097AD22 /* heavyThunderstorm.mp4 in Resources */,
				5119D53426E41E2600DF8567 /* LaunchScreen.storyboard in Resources */,
				51003FEC2711980400215D0B /* RequestHistoryTableViewCell.xib in Resources */,
				5114E5AE27143D7B0060291E /* WeatherInMyLocationViewController.storyboard in Resources */,
				510C548726FA67DD0097AD22 /* WeatherInfoViewController.storyboard in Resources */,
				510C54B2270748F60097AD22 /* thunderstorm.mp4 in Resources */,
				510C54BD270866D50097AD22 /* brokenСlouds.mp4 in Resources */,
				513A27702722F91700E717DC /* NewsViewController.storyboard in Resources */,
				5124BFA42724258B00C2D551 /* NewsTableViewCell.xib in Resources */,
				510C54B1270748F60097AD22 /* thunderstormWithRain.mp4 in Resources */,
				5119D53126E41E2600DF8567 /* Assets.xcassets in Resources */,
				51003FE72710859800215D0B /* RequestHistoryViewController.storyboard in Resources */,
				510C54B627074CBD0097AD22 /* veryHeavyRain.mp4 in Resources */,
				510C54C2270868880097AD22 /* clearSky.mp4 in Resources */,
				510C54BA2708657E0097AD22 /* scatteredСlouds.mp4 in Resources */,
				510C54BE270866D50097AD22 /* overcastClouds.mp4 in Resources */,
				510C54DD270A20340097AD22 /* EnterTheCityViewController.storyboard in Resources */,
				510C54C0270867700097AD22 /* fewClouds 2.mp4 in Resources */,
				51475A7B271B049000F09F19 /* TodayWeatherCollectionViewCell.xib in Resources */,
				51475A89271CD34E00F09F19 /* MapViewController1.storyboard in Resources */,
				510C54B827074D6E0097AD22 /* ightRain.mp4 in Resources */,
				510C54AC2704AEA20097AD22 /* rain.mp4 in Resources */,
				5124BFA92724B6C400C2D551 /* FullNewsViewController.storyboard in Resources */,
				5119D52F26E41E2100DF8567 /* Main.storyboard in Resources */,
				51A29FC92718671200E57EEC /* GoogleService-Info.plist in Resources */,
			);
			runOnlyForDeploymentPostprocessing = 0;
		};
/* End PBXResourcesBuildPhase section */

/* Begin PBXShellScriptBuildPhase section */
		09FD0052D3413D54F4FA0943 /* [CP] Copy Pods Resources */ = {
			isa = PBXShellScriptBuildPhase;
			buildActionMask = 2147483647;
			files = (
			);
			inputFileListPaths = (
				"${PODS_ROOT}/Target Support Files/Pods-Weather/Pods-Weather-resources-${CONFIGURATION}-input-files.xcfilelist",
			);
			name = "[CP] Copy Pods Resources";
			outputFileListPaths = (
				"${PODS_ROOT}/Target Support Files/Pods-Weather/Pods-Weather-resources-${CONFIGURATION}-output-files.xcfilelist",
			);
			runOnlyForDeploymentPostprocessing = 0;
			shellPath = /bin/sh;
			shellScript = "\"${PODS_ROOT}/Target Support Files/Pods-Weather/Pods-Weather-resources.sh\"\n";
			showEnvVarsInLog = 0;
		};
		25275048D572E84D4764A7AD /* [CP] Embed Pods Frameworks */ = {
			isa = PBXShellScriptBuildPhase;
			buildActionMask = 2147483647;
			files = (
			);
			inputFileListPaths = (
				"${PODS_ROOT}/Target Support Files/Pods-Weather/Pods-Weather-frameworks-${CONFIGURATION}-input-files.xcfilelist",
			);
			name = "[CP] Embed Pods Frameworks";
			outputFileListPaths = (
				"${PODS_ROOT}/Target Support Files/Pods-Weather/Pods-Weather-frameworks-${CONFIGURATION}-output-files.xcfilelist",
			);
			runOnlyForDeploymentPostprocessing = 0;
			shellPath = /bin/sh;
			shellScript = "\"${PODS_ROOT}/Target Support Files/Pods-Weather/Pods-Weather-frameworks.sh\"\n";
			showEnvVarsInLog = 0;
		};
		51475A80271C346C00F09F19 /* ShellScript */ = {
			isa = PBXShellScriptBuildPhase;
			buildActionMask = 2147483647;
			files = (
			);
			inputFileListPaths = (
			);
			inputPaths = (
			);
			outputFileListPaths = (
			);
			outputPaths = (
			);
			runOnlyForDeploymentPostprocessing = 0;
			shellPath = /bin/sh;
			shellScript = "# Type a script or drag a script file from your workspace to insert its path.\n\"${PODS_ROOT}/FirebaseCrashlytics/run\"\n";
		};
		CE12C135A54A9DB61BF48494 /* [CP] Check Pods Manifest.lock */ = {
			isa = PBXShellScriptBuildPhase;
			buildActionMask = 2147483647;
			files = (
			);
			inputFileListPaths = (
			);
			inputPaths = (
				"${PODS_PODFILE_DIR_PATH}/Podfile.lock",
				"${PODS_ROOT}/Manifest.lock",
			);
			name = "[CP] Check Pods Manifest.lock";
			outputFileListPaths = (
			);
			outputPaths = (
				"$(DERIVED_FILE_DIR)/Pods-Weather-checkManifestLockResult.txt",
			);
			runOnlyForDeploymentPostprocessing = 0;
			shellPath = /bin/sh;
			shellScript = "diff \"${PODS_PODFILE_DIR_PATH}/Podfile.lock\" \"${PODS_ROOT}/Manifest.lock\" > /dev/null\nif [ $? != 0 ] ; then\n    # print error to STDERR\n    echo \"error: The sandbox is not in sync with the Podfile.lock. Run 'pod install' or update your CocoaPods installation.\" >&2\n    exit 1\nfi\n# This output is used by Xcode 'outputs' to avoid re-running this script phase.\necho \"SUCCESS\" > \"${SCRIPT_OUTPUT_FILE_0}\"\n";
			showEnvVarsInLog = 0;
		};
/* End PBXShellScriptBuildPhase section */

/* Begin PBXSourcesBuildPhase section */
		5119D52026E41E2100DF8567 /* Sources */ = {
			isa = PBXSourcesBuildPhase;
			buildActionMask = 2147483647;
			files = (
				5119D52C26E41E2100DF8567 /* EnterTheCityViewController.swift in Sources */,
				510C547F26F7D96E0097AD22 /* APIConstants.swift in Sources */,
				51A29FCE271894E300E57EEC /* UIViewController + Storyboard.swift in Sources */,
				513A276E2722F8FE00E717DC /* NewsViewController.swift in Sources */,
				51475A7A271B049000F09F19 /* TodayWeatherCollectionViewCell.swift in Sources */,
				513A276B2722EC4100E717DC /* NewsModels.swift in Sources */,
				514FC110270F242B00DA3555 /* RealmManager.swift in Sources */,
				51003FE52710858800215D0B /* RequestHistoryViewController.swift in Sources */,
				5124BFA32724258B00C2D551 /* NewsTableViewCell.swift in Sources */,
				51475A7D271B089E00F09F19 /* TodayWeather.swift in Sources */,
				51475A7F271C1F1400F09F19 /* Int.swift in Sources */,
				510C548526FA67B10097AD22 /* WeatherInfoViewController.swift in Sources */,
				5114E5AC27143D640060291E /* WeatherInMyLocationViewController.swift in Sources */,
				510C547D26F7D8520097AD22 /* ParseManager.swift in Sources */,
				510C54D52708CE740097AD22 /* MapViewController.swift in Sources */,
				51475A87271CD33A00F09F19 /* MapViewController1.swift in Sources */,
				5131BD2F2721A7570038FD96 /* LoadingViewController.swift in Sources */,
				510C547B26F7D7C40097AD22 /* HttpManager.swift in Sources */,
				51003FEB2711980400215D0B /* RequestHistoryTableViewCell.swift in Sources */,
				5119D52826E41E2100DF8567 /* AppDelegate.swift in Sources */,
				5119D53C26E55C6E00DF8567 /* WeatherModels.swift in Sources */,
				51A29FCB2718728B00E57EEC /* SettingsManager.swift in Sources */,
				51475A84271CB91100F09F19 /* RCManager.swift in Sources */,
				51003FE2270F2F6600215D0B /* Request.swift in Sources */,
				514FC10E270ED2FD00DA3555 /* TabBarViewController.swift in Sources */,
				5124BF9F272424AD00C2D551 /* News_.swift in Sources */,
				5124BFA72724B6B500C2D551 /* FullNewsViewController.swift in Sources */,
				5119D52A26E41E2100DF8567 /* SceneDelegate.swift in Sources */,
			);
			runOnlyForDeploymentPostprocessing = 0;
		};
/* End PBXSourcesBuildPhase section */

/* Begin PBXVariantGroup section */
		5119D52D26E41E2100DF8567 /* Main.storyboard */ = {
			isa = PBXVariantGroup;
			children = (
				5119D52E26E41E2100DF8567 /* Base */,
			);
			name = Main.storyboard;
			sourceTree = "<group>";
		};
		5119D53226E41E2600DF8567 /* LaunchScreen.storyboard */ = {
			isa = PBXVariantGroup;
			children = (
				5119D53326E41E2600DF8567 /* Base */,
			);
			name = LaunchScreen.storyboard;
			sourceTree = "<group>";
		};
/* End PBXVariantGroup section */

/* Begin XCBuildConfiguration section */
		5119D53626E41E2600DF8567 /* Debug */ = {
			isa = XCBuildConfiguration;
			buildSettings = {
				ALWAYS_SEARCH_USER_PATHS = NO;
				CLANG_ANALYZER_NONNULL = YES;
				CLANG_ANALYZER_NUMBER_OBJECT_CONVERSION = YES_AGGRESSIVE;
				CLANG_CXX_LANGUAGE_STANDARD = "gnu++14";
				CLANG_CXX_LIBRARY = "libc++";
				CLANG_ENABLE_MODULES = YES;
				CLANG_ENABLE_OBJC_ARC = YES;
				CLANG_ENABLE_OBJC_WEAK = YES;
				CLANG_WARN_BLOCK_CAPTURE_AUTORELEASING = YES;
				CLANG_WARN_BOOL_CONVERSION = YES;
				CLANG_WARN_COMMA = YES;
				CLANG_WARN_CONSTANT_CONVERSION = YES;
				CLANG_WARN_DEPRECATED_OBJC_IMPLEMENTATIONS = YES;
				CLANG_WARN_DIRECT_OBJC_ISA_USAGE = YES_ERROR;
				CLANG_WARN_DOCUMENTATION_COMMENTS = YES;
				CLANG_WARN_EMPTY_BODY = YES;
				CLANG_WARN_ENUM_CONVERSION = YES;
				CLANG_WARN_INFINITE_RECURSION = YES;
				CLANG_WARN_INT_CONVERSION = YES;
				CLANG_WARN_NON_LITERAL_NULL_CONVERSION = YES;
				CLANG_WARN_OBJC_IMPLICIT_RETAIN_SELF = YES;
				CLANG_WARN_OBJC_LITERAL_CONVERSION = YES;
				CLANG_WARN_OBJC_ROOT_CLASS = YES_ERROR;
				CLANG_WARN_QUOTED_INCLUDE_IN_FRAMEWORK_HEADER = YES;
				CLANG_WARN_RANGE_LOOP_ANALYSIS = YES;
				CLANG_WARN_STRICT_PROTOTYPES = YES;
				CLANG_WARN_SUSPICIOUS_MOVE = YES;
				CLANG_WARN_UNGUARDED_AVAILABILITY = YES_AGGRESSIVE;
				CLANG_WARN_UNREACHABLE_CODE = YES;
				CLANG_WARN__DUPLICATE_METHOD_MATCH = YES;
				COPY_PHASE_STRIP = NO;
				DEBUG_INFORMATION_FORMAT = dwarf;
				ENABLE_STRICT_OBJC_MSGSEND = YES;
				ENABLE_TESTABILITY = YES;
				GCC_C_LANGUAGE_STANDARD = gnu11;
				GCC_DYNAMIC_NO_PIC = NO;
				GCC_NO_COMMON_BLOCKS = YES;
				GCC_OPTIMIZATION_LEVEL = 0;
				GCC_PREPROCESSOR_DEFINITIONS = (
					"DEBUG=1",
					"$(inherited)",
				);
				GCC_WARN_64_TO_32_BIT_CONVERSION = YES;
				GCC_WARN_ABOUT_RETURN_TYPE = YES_ERROR;
				GCC_WARN_UNDECLARED_SELECTOR = YES;
				GCC_WARN_UNINITIALIZED_AUTOS = YES_AGGRESSIVE;
				GCC_WARN_UNUSED_FUNCTION = YES;
				GCC_WARN_UNUSED_VARIABLE = YES;
				IPHONEOS_DEPLOYMENT_TARGET = 14.5;
				MTL_ENABLE_DEBUG_INFO = INCLUDE_SOURCE;
				MTL_FAST_MATH = YES;
				ONLY_ACTIVE_ARCH = YES;
				SDKROOT = iphoneos;
				SWIFT_ACTIVE_COMPILATION_CONDITIONS = DEBUG;
				SWIFT_OPTIMIZATION_LEVEL = "-Onone";
			};
			name = Debug;
		};
		5119D53726E41E2600DF8567 /* Release */ = {
			isa = XCBuildConfiguration;
			buildSettings = {
				ALWAYS_SEARCH_USER_PATHS = NO;
				CLANG_ANALYZER_NONNULL = YES;
				CLANG_ANALYZER_NUMBER_OBJECT_CONVERSION = YES_AGGRESSIVE;
				CLANG_CXX_LANGUAGE_STANDARD = "gnu++14";
				CLANG_CXX_LIBRARY = "libc++";
				CLANG_ENABLE_MODULES = YES;
				CLANG_ENABLE_OBJC_ARC = YES;
				CLANG_ENABLE_OBJC_WEAK = YES;
				CLANG_WARN_BLOCK_CAPTURE_AUTORELEASING = YES;
				CLANG_WARN_BOOL_CONVERSION = YES;
				CLANG_WARN_COMMA = YES;
				CLANG_WARN_CONSTANT_CONVERSION = YES;
				CLANG_WARN_DEPRECATED_OBJC_IMPLEMENTATIONS = YES;
				CLANG_WARN_DIRECT_OBJC_ISA_USAGE = YES_ERROR;
				CLANG_WARN_DOCUMENTATION_COMMENTS = YES;
				CLANG_WARN_EMPTY_BODY = YES;
				CLANG_WARN_ENUM_CONVERSION = YES;
				CLANG_WARN_INFINITE_RECURSION = YES;
				CLANG_WARN_INT_CONVERSION = YES;
				CLANG_WARN_NON_LITERAL_NULL_CONVERSION = YES;
				CLANG_WARN_OBJC_IMPLICIT_RETAIN_SELF = YES;
				CLANG_WARN_OBJC_LITERAL_CONVERSION = YES;
				CLANG_WARN_OBJC_ROOT_CLASS = YES_ERROR;
				CLANG_WARN_QUOTED_INCLUDE_IN_FRAMEWORK_HEADER = YES;
				CLANG_WARN_RANGE_LOOP_ANALYSIS = YES;
				CLANG_WARN_STRICT_PROTOTYPES = YES;
				CLANG_WARN_SUSPICIOUS_MOVE = YES;
				CLANG_WARN_UNGUARDED_AVAILABILITY = YES_AGGRESSIVE;
				CLANG_WARN_UNREACHABLE_CODE = YES;
				CLANG_WARN__DUPLICATE_METHOD_MATCH = YES;
				COPY_PHASE_STRIP = NO;
				DEBUG_INFORMATION_FORMAT = "dwarf-with-dsym";
				ENABLE_NS_ASSERTIONS = NO;
				ENABLE_STRICT_OBJC_MSGSEND = YES;
				GCC_C_LANGUAGE_STANDARD = gnu11;
				GCC_NO_COMMON_BLOCKS = YES;
				GCC_WARN_64_TO_32_BIT_CONVERSION = YES;
				GCC_WARN_ABOUT_RETURN_TYPE = YES_ERROR;
				GCC_WARN_UNDECLARED_SELECTOR = YES;
				GCC_WARN_UNINITIALIZED_AUTOS = YES_AGGRESSIVE;
				GCC_WARN_UNUSED_FUNCTION = YES;
				GCC_WARN_UNUSED_VARIABLE = YES;
				IPHONEOS_DEPLOYMENT_TARGET = 14.5;
				MTL_ENABLE_DEBUG_INFO = NO;
				MTL_FAST_MATH = YES;
				SDKROOT = iphoneos;
				SWIFT_COMPILATION_MODE = wholemodule;
				SWIFT_OPTIMIZATION_LEVEL = "-O";
				VALIDATE_PRODUCT = YES;
			};
			name = Release;
		};
		5119D53926E41E2600DF8567 /* Debug */ = {
			isa = XCBuildConfiguration;
			baseConfigurationReference = C7271A491ADAE9B47E2C6B92 /* Pods-Weather.debug.xcconfig */;
			buildSettings = {
				ASSETCATALOG_COMPILER_APPICON_NAME = AppIcon;
				ASSETCATALOG_COMPILER_GLOBAL_ACCENT_COLOR_NAME = AccentColor;
				CODE_SIGN_STYLE = Automatic;
				DEVELOPMENT_TEAM = 47422ZQC7L;
				INFOPLIST_FILE = Weather/Info.plist;
				LD_RUNPATH_SEARCH_PATHS = (
					"$(inherited)",
					"@executable_path/Frameworks",
				);
				PRODUCT_BUNDLE_IDENTIFIER = com.yourcompany.test.Weather;
				PRODUCT_NAME = "$(TARGET_NAME)";
				SWIFT_VERSION = 5.0;
				TARGETED_DEVICE_FAMILY = "1,2";
			};
			name = Debug;
		};
		5119D53A26E41E2600DF8567 /* Release */ = {
			isa = XCBuildConfiguration;
			baseConfigurationReference = DC933F6A4115EBCB5EACFB8B /* Pods-Weather.release.xcconfig */;
			buildSettings = {
				ASSETCATALOG_COMPILER_APPICON_NAME = AppIcon;
				ASSETCATALOG_COMPILER_GLOBAL_ACCENT_COLOR_NAME = AccentColor;
				CODE_SIGN_STYLE = Automatic;
				DEVELOPMENT_TEAM = 47422ZQC7L;
				INFOPLIST_FILE = Weather/Info.plist;
				LD_RUNPATH_SEARCH_PATHS = (
					"$(inherited)",
					"@executable_path/Frameworks",
				);
				PRODUCT_BUNDLE_IDENTIFIER = com.yourcompany.test.Weather;
				PRODUCT_NAME = "$(TARGET_NAME)";
				SWIFT_VERSION = 5.0;
				TARGETED_DEVICE_FAMILY = "1,2";
			};
			name = Release;
		};
/* End XCBuildConfiguration section */

/* Begin XCConfigurationList section */
		5119D51F26E41E2000DF8567 /* Build configuration list for PBXProject "Weather" */ = {
			isa = XCConfigurationList;
			buildConfigurations = (
				5119D53626E41E2600DF8567 /* Debug */,
				5119D53726E41E2600DF8567 /* Release */,
			);
			defaultConfigurationIsVisible = 0;
			defaultConfigurationName = Release;
		};
		5119D53826E41E2600DF8567 /* Build configuration list for PBXNativeTarget "Weather" */ = {
			isa = XCConfigurationList;
			buildConfigurations = (
				5119D53926E41E2600DF8567 /* Debug */,
				5119D53A26E41E2600DF8567 /* Release */,
			);
			defaultConfigurationIsVisible = 0;
			defaultConfigurationName = Release;
		};
/* End XCConfigurationList section */
	};
	rootObject = 5119D51C26E41E2000DF8567 /* Project object */;
}
