// !$*UTF8*$!
{
	archiveVersion = 1;
	classes = {
	};
	objectVersion = 50;
	objects = {

/* Begin PBXBuildFile section */
		51E42EF0269D9E1C0094D79E /* AppDelegate.swift in Sources */ = {isa = PBXBuildFile; fileRef = 51E42EEF269D9E1C0094D79E /* AppDelegate.swift */; };
		51E42EF2269D9E1C0094D79E /* SceneDelegate.swift in Sources */ = {isa = PBXBuildFile; fileRef = 51E42EF1269D9E1C0094D79E /* SceneDelegate.swift */; };
		51E42EF4269D9E1C0094D79E /* ViewController.swift in Sources */ = {isa = PBXBuildFile; fileRef = 51E42EF3269D9E1C0094D79E /* ViewController.swift */; };
		51E42EF7269D9E1C0094D79E /* Main.storyboard in Resources */ = {isa = PBXBuildFile; fileRef = 51E42EF5269D9E1C0094D79E /* Main.storyboard */; };
		51E42EF9269D9E1D0094D79E /* Assets.xcassets in Resources */ = {isa = PBXBuildFile; fileRef = 51E42EF8269D9E1D0094D79E /* Assets.xcassets */; };
		51E42EFC269D9E1D0094D79E /* LaunchScreen.storyboard in Resources */ = {isa = PBXBuildFile; fileRef = 51E42EFA269D9E1D0094D79E /* LaunchScreen.storyboard */; };
/* End PBXBuildFile section */

/* Begin PBXFileReference section */
		51E42EEC269D9E1C0094D79E /* homeworkLesson10.app */ = {isa = PBXFileReference; explicitFileType = wrapper.application; includeInIndex = 0; path = homeworkLesson10.app; sourceTree = BUILT_PRODUCTS_DIR; };
		51E42EEF269D9E1C0094D79E /* AppDelegate.swift */ = {isa = PBXFileReference; lastKnownFileType = sourcecode.swift; path = AppDelegate.swift; sourceTree = "<group>"; };
		51E42EF1269D9E1C0094D79E /* SceneDelegate.swift */ = {isa = PBXFileReference; lastKnownFileType = sourcecode.swift; path = SceneDelegate.swift; sourceTree = "<group>"; };
		51E42EF3269D9E1C0094D79E /* ViewController.swift */ = {isa = PBXFileReference; lastKnownFileType = sourcecode.swift; path = ViewController.swift; sourceTree = "<group>"; };
		51E42EF6269D9E1C0094D79E /* Base */ = {isa = PBXFileReference; lastKnownFileType = file.storyboard; name = Base; path = Base.lproj/Main.storyboard; sourceTree = "<group>"; };
		51E42EF8269D9E1D0094D79E /* Assets.xcassets */ = {isa = PBXFileReference; lastKnownFileType = folder.assetcatalog; path = Assets.xcassets; sourceTree = "<group>"; };
		51E42EFB269D9E1D0094D79E /* Base */ = {isa = PBXFileReference; lastKnownFileType = file.storyboard; name = Base; path = Base.lproj/LaunchScreen.storyboard; sourceTree = "<group>"; };
		51E42EFD269D9E1D0094D79E /* Info.plist */ = {isa = PBXFileReference; lastKnownFileType = text.plist.xml; path = Info.plist; sourceTree = "<group>"; };
/* End PBXFileReference section */

/* Begin PBXFrameworksBuildPhase section */
		51E42EE9269D9E1C0094D79E /* Frameworks */ = {
			isa = PBXFrameworksBuildPhase;
			buildActionMask = 2147483647;
			files = (
			);
			runOnlyForDeploymentPostprocessing = 0;
		};
/* End PBXFrameworksBuildPhase section */

/* Begin PBXGroup section */
		51E42EE3269D9E1C0094D79E = {
			isa = PBXGroup;
			children = (
				51E42EEE269D9E1C0094D79E /* homeworkLesson10 */,
				51E42EED269D9E1C0094D79E /* Products */,
			);
			sourceTree = "<group>";
		};
		51E42EED269D9E1C0094D79E /* Products */ = {
			isa = PBXGroup;
			children = (
				51E42EEC269D9E1C0094D79E /* homeworkLesson10.app */,
			);
			name = Products;
			sourceTree = "<group>";
		};
		51E42EEE269D9E1C0094D79E /* homeworkLesson10 */ = {
			isa = PBXGroup;
			children = (
				51E42EEF269D9E1C0094D79E /* AppDelegate.swift */,
				51E42EF1269D9E1C0094D79E /* SceneDelegate.swift */,
				51E42EF3269D9E1C0094D79E /* ViewController.swift */,
				51E42EF5269D9E1C0094D79E /* Main.storyboard */,
				51E42EF8269D9E1D0094D79E /* Assets.xcassets */,
				51E42EFA269D9E1D0094D79E /* LaunchScreen.storyboard */,
				51E42EFD269D9E1D0094D79E /* Info.plist */,
			);
			path = homeworkLesson10;
			sourceTree = "<group>";
		};
/* End PBXGroup section */

/* Begin PBXNativeTarget section */
		51E42EEB269D9E1C0094D79E /* homeworkLesson10 */ = {
			isa = PBXNativeTarget;
			buildConfigurationList = 51E42F00269D9E1D0094D79E /* Build configuration list for PBXNativeTarget "homeworkLesson10" */;
			buildPhases = (
				51E42EE8269D9E1C0094D79E /* Sources */,
				51E42EE9269D9E1C0094D79E /* Frameworks */,
				51E42EEA269D9E1C0094D79E /* Resources */,
			);
			buildRules = (
			);
			dependencies = (
			);
			name = homeworkLesson10;
			productName = homeworkLesson10;
			productReference = 51E42EEC269D9E1C0094D79E /* homeworkLesson10.app */;
			productType = "com.apple.product-type.application";
		};
/* End PBXNativeTarget section */

/* Begin PBXProject section */
		51E42EE4269D9E1C0094D79E /* Project object */ = {
			isa = PBXProject;
			attributes = {
				LastSwiftUpdateCheck = 1250;
				LastUpgradeCheck = 1250;
				TargetAttributes = {
					51E42EEB269D9E1C0094D79E = {
						CreatedOnToolsVersion = 12.5;
					};
				};
			};
			buildConfigurationList = 51E42EE7269D9E1C0094D79E /* Build configuration list for PBXProject "homeworkLesson10" */;
			compatibilityVersion = "Xcode 9.3";
			developmentRegion = en;
			hasScannedForEncodings = 0;
			knownRegions = (
				en,
				Base,
			);
			mainGroup = 51E42EE3269D9E1C0094D79E;
			productRefGroup = 51E42EED269D9E1C0094D79E /* Products */;
			projectDirPath = "";
			projectRoot = "";
			targets = (
				51E42EEB269D9E1C0094D79E /* homeworkLesson10 */,
			);
		};
/* End PBXProject section */

/* Begin PBXResourcesBuildPhase section */
		51E42EEA269D9E1C0094D79E /* Resources */ = {
			isa = PBXResourcesBuildPhase;
			buildActionMask = 2147483647;
			files = (
				51E42EFC269D9E1D0094D79E /* LaunchScreen.storyboard in Resources */,
				51E42EF9269D9E1D0094D79E /* Assets.xcassets in Resources */,
				51E42EF7269D9E1C0094D79E /* Main.storyboard in Resources */,
			);
			runOnlyForDeploymentPostprocessing = 0;
		};
/* End PBXResourcesBuildPhase section */

/* Begin PBXSourcesBuildPhase section */
		51E42EE8269D9E1C0094D79E /* Sources */ = {
			isa = PBXSourcesBuildPhase;
			buildActionMask = 2147483647;
			files = (
				51E42EF4269D9E1C0094D79E /* ViewController.swift in Sources */,
				51E42EF0269D9E1C0094D79E /* AppDelegate.swift in Sources */,
				51E42EF2269D9E1C0094D79E /* SceneDelegate.swift in Sources */,
			);
			runOnlyForDeploymentPostprocessing = 0;
		};
/* End PBXSourcesBuildPhase section */

/* Begin PBXVariantGroup section */
		51E42EF5269D9E1C0094D79E /* Main.storyboard */ = {
			isa = PBXVariantGroup;
			children = (
				51E42EF6269D9E1C0094D79E /* Base */,
			);
			name = Main.storyboard;
			sourceTree = "<group>";
		};
		51E42EFA269D9E1D0094D79E /* LaunchScreen.storyboard */ = {
			isa = PBXVariantGroup;
			children = (
				51E42EFB269D9E1D0094D79E /* Base */,
			);
			name = LaunchScreen.storyboard;
			sourceTree = "<group>";
		};
/* End PBXVariantGroup section */

/* Begin XCBuildConfiguration section */
		51E42EFE269D9E1D0094D79E /* Debug */ = {
			isa = XCBuildConfiguration;
			buildSettings = {
				ALWAYS_SEARCH_USER_PATHS = NO;
				CLANG_ANALYZER_NONNULL = YES;
				CLANG_ANALYZER_NUMBER_OBJECT_CONVERSION = YES_AGGRESSIVE;
				CLANG_CXX_LANGUAGE_STANDARD = "gnu++14";
				CLANG_CXX_LIBRARY = "libc++";
				CLANG_ENABLE_MODULES = YES;
				CLANG_ENABLE_OBJC_ARC = YES;
				CLANG_ENABLE_OBJC_WEAK = YES;
				CLANG_WARN_BLOCK_CAPTURE_AUTORELEASING = YES;
				CLANG_WARN_BOOL_CONVERSION = YES;
				CLANG_WARN_COMMA = YES;
				CLANG_WARN_CONSTANT_CONVERSION = YES;
				CLANG_WARN_DEPRECATED_OBJC_IMPLEMENTATIONS = YES;
				CLANG_WARN_DIRECT_OBJC_ISA_USAGE = YES_ERROR;
				CLANG_WARN_DOCUMENTATION_COMMENTS = YES;
				CLANG_WARN_EMPTY_BODY = YES;
				CLANG_WARN_ENUM_CONVERSION = YES;
				CLANG_WARN_INFINITE_RECURSION = YES;
				CLANG_WARN_INT_CONVERSION = YES;
				CLANG_WARN_NON_LITERAL_NULL_CONVERSION = YES;
				CLANG_WARN_OBJC_IMPLICIT_RETAIN_SELF = YES;
				CLANG_WARN_OBJC_LITERAL_CONVERSION = YES;
				CLANG_WARN_OBJC_ROOT_CLASS = YES_ERROR;
				CLANG_WARN_QUOTED_INCLUDE_IN_FRAMEWORK_HEADER = YES;
				CLANG_WARN_RANGE_LOOP_ANALYSIS = YES;
				CLANG_WARN_STRICT_PROTOTYPES = YES;
				CLANG_WARN_SUSPICIOUS_MOVE = YES;
				CLANG_WARN_UNGUARDED_AVAILABILITY = YES_AGGRESSIVE;
				CLANG_WARN_UNREACHABLE_CODE = YES;
				CLANG_WARN__DUPLICATE_METHOD_MATCH = YES;
				COPY_PHASE_STRIP = NO;
				DEBUG_INFORMATION_FORMAT = dwarf;
				ENABLE_STRICT_OBJC_MSGSEND = YES;
				ENABLE_TESTABILITY = YES;
				GCC_C_LANGUAGE_STANDARD = gnu11;
				GCC_DYNAMIC_NO_PIC = NO;
				GCC_NO_COMMON_BLOCKS = YES;
				GCC_OPTIMIZATION_LEVEL = 0;
				GCC_PREPROCESSOR_DEFINITIONS = (
					"DEBUG=1",
					"$(inherited)",
				);
				GCC_WARN_64_TO_32_BIT_CONVERSION = YES;
				GCC_WARN_ABOUT_RETURN_TYPE = YES_ERROR;
				GCC_WARN_UNDECLARED_SELECTOR = YES;
				GCC_WARN_UNINITIALIZED_AUTOS = YES_AGGRESSIVE;
				GCC_WARN_UNUSED_FUNCTION = YES;
				GCC_WARN_UNUSED_VARIABLE = YES;
				IPHONEOS_DEPLOYMENT_TARGET = 14.5;
				MTL_ENABLE_DEBUG_INFO = INCLUDE_SOURCE;
				MTL_FAST_MATH = YES;
				ONLY_ACTIVE_ARCH = YES;
				SDKROOT = iphoneos;
				SWIFT_ACTIVE_COMPILATION_CONDITIONS = DEBUG;
				SWIFT_OPTIMIZATION_LEVEL = "-Onone";
			};
			name = Debug;
		};
		51E42EFF269D9E1D0094D79E /* Release */ = {
			isa = XCBuildConfiguration;
			buildSettings = {
				ALWAYS_SEARCH_USER_PATHS = NO;
				CLANG_ANALYZER_NONNULL = YES;
				CLANG_ANALYZER_NUMBER_OBJECT_CONVERSION = YES_AGGRESSIVE;
				CLANG_CXX_LANGUAGE_STANDARD = "gnu++14";
				CLANG_CXX_LIBRARY = "libc++";
				CLANG_ENABLE_MODULES = YES;
				CLANG_ENABLE_OBJC_ARC = YES;
				CLANG_ENABLE_OBJC_WEAK = YES;
				CLANG_WARN_BLOCK_CAPTURE_AUTORELEASING = YES;
				CLANG_WARN_BOOL_CONVERSION = YES;
				CLANG_WARN_COMMA = YES;
				CLANG_WARN_CONSTANT_CONVERSION = YES;
				CLANG_WARN_DEPRECATED_OBJC_IMPLEMENTATIONS = YES;
				CLANG_WARN_DIRECT_OBJC_ISA_USAGE = YES_ERROR;
				CLANG_WARN_DOCUMENTATION_COMMENTS = YES;
				CLANG_WARN_EMPTY_BODY = YES;
				CLANG_WARN_ENUM_CONVERSION = YES;
				CLANG_WARN_INFINITE_RECURSION = YES;
				CLANG_WARN_INT_CONVERSION = YES;
				CLANG_WARN_NON_LITERAL_NULL_CONVERSION = YES;
				CLANG_WARN_OBJC_IMPLICIT_RETAIN_SELF = YES;
				CLANG_WARN_OBJC_LITERAL_CONVERSION = YES;
				CLANG_WARN_OBJC_ROOT_CLASS = YES_ERROR;
				CLANG_WARN_QUOTED_INCLUDE_IN_FRAMEWORK_HEADER = YES;
				CLANG_WARN_RANGE_LOOP_ANALYSIS = YES;
				CLANG_WARN_STRICT_PROTOTYPES = YES;
				CLANG_WARN_SUSPICIOUS_MOVE = YES;
				CLANG_WARN_UNGUARDED_AVAILABILITY = YES_AGGRESSIVE;
				CLANG_WARN_UNREACHABLE_CODE = YES;
				CLANG_WARN__DUPLICATE_METHOD_MATCH = YES;
				COPY_PHASE_STRIP = NO;
				DEBUG_INFORMATION_FORMAT = "dwarf-with-dsym";
				ENABLE_NS_ASSERTIONS = NO;
				ENABLE_STRICT_OBJC_MSGSEND = YES;
				GCC_C_LANGUAGE_STANDARD = gnu11;
				GCC_NO_COMMON_BLOCKS = YES;
				GCC_WARN_64_TO_32_BIT_CONVERSION = YES;
				GCC_WARN_ABOUT_RETURN_TYPE = YES_ERROR;
				GCC_WARN_UNDECLARED_SELECTOR = YES;
				GCC_WARN_UNINITIALIZED_AUTOS = YES_AGGRESSIVE;
				GCC_WARN_UNUSED_FUNCTION = YES;
				GCC_WARN_UNUSED_VARIABLE = YES;
				IPHONEOS_DEPLOYMENT_TARGET = 14.5;
				MTL_ENABLE_DEBUG_INFO = NO;
				MTL_FAST_MATH = YES;
				SDKROOT = iphoneos;
				SWIFT_COMPILATION_MODE = wholemodule;
				SWIFT_OPTIMIZATION_LEVEL = "-O";
				VALIDATE_PRODUCT = YES;
			};
			name = Release;
		};
		51E42F01269D9E1D0094D79E /* Debug */ = {
			isa = XCBuildConfiguration;
			buildSettings = {
				ASSETCATALOG_COMPILER_APPICON_NAME = AppIcon;
				ASSETCATALOG_COMPILER_GLOBAL_ACCENT_COLOR_NAME = AccentColor;
				CODE_SIGN_STYLE = Automatic;
				INFOPLIST_FILE = homeworkLesson10/Info.plist;
				LD_RUNPATH_SEARCH_PATHS = (
					"$(inherited)",
					"@executable_path/Frameworks",
				);
				PRODUCT_BUNDLE_IDENTIFIER = com.yourcompany.test.homeworkLesson10;
				PRODUCT_NAME = "$(TARGET_NAME)";
				SWIFT_VERSION = 5.0;
				TARGETED_DEVICE_FAMILY = "1,2";
			};
			name = Debug;
		};
		51E42F02269D9E1D0094D79E /* Release */ = {
			isa = XCBuildConfiguration;
			buildSettings = {
				ASSETCATALOG_COMPILER_APPICON_NAME = AppIcon;
				ASSETCATALOG_COMPILER_GLOBAL_ACCENT_COLOR_NAME = AccentColor;
				CODE_SIGN_STYLE = Automatic;
				INFOPLIST_FILE = homeworkLesson10/Info.plist;
				LD_RUNPATH_SEARCH_PATHS = (
					"$(inherited)",
					"@executable_path/Frameworks",
				);
				PRODUCT_BUNDLE_IDENTIFIER = com.yourcompany.test.homeworkLesson10;
				PRODUCT_NAME = "$(TARGET_NAME)";
				SWIFT_VERSION = 5.0;
				TARGETED_DEVICE_FAMILY = "1,2";
			};
			name = Release;
		};
/* End XCBuildConfiguration section */

/* Begin XCConfigurationList section */
		51E42EE7269D9E1C0094D79E /* Build configuration list for PBXProject "homeworkLesson10" */ = {
			isa = XCConfigurationList;
			buildConfigurations = (
				51E42EFE269D9E1D0094D79E /* Debug */,
				51E42EFF269D9E1D0094D79E /* Release */,
			);
			defaultConfigurationIsVisible = 0;
			defaultConfigurationName = Release;
		};
		51E42F00269D9E1D0094D79E /* Build configuration list for PBXNativeTarget "homeworkLesson10" */ = {
			isa = XCConfigurationList;
			buildConfigurations = (
				51E42F01269D9E1D0094D79E /* Debug */,
				51E42F02269D9E1D0094D79E /* Release */,
			);
			defaultConfigurationIsVisible = 0;
			defaultConfigurationName = Release;
		};
/* End XCConfigurationList section */
	};
	rootObject = 51E42EE4269D9E1C0094D79E /* Project object */;
}
