// !$*UTF8*$!
{
	archiveVersion = 1;
	classes = {
	};
	objectVersion = 50;
	objects = {

/* Begin PBXBuildFile section */
		512034D726BC0C95005E05EA /* Table2ViewController.swift in Sources */ = {isa = PBXBuildFile; fileRef = 512034D626BC0C95005E05EA /* Table2ViewController.swift */; };
		512034D926BC0CBC005E05EA /* Table2ViewController.storyboard in Resources */ = {isa = PBXBuildFile; fileRef = 512034D826BC0CBC005E05EA /* Table2ViewController.storyboard */; };
		512034DE26BC1625005E05EA /* Table2ViewCell.swift in Sources */ = {isa = PBXBuildFile; fileRef = 512034DC26BC1625005E05EA /* Table2ViewCell.swift */; };
		512034DF26BC1625005E05EA /* Table2ViewCell.xib in Resources */ = {isa = PBXBuildFile; fileRef = 512034DD26BC1625005E05EA /* Table2ViewCell.xib */; };
		512034E226BC19C0005E05EA /* Student.swift in Sources */ = {isa = PBXBuildFile; fileRef = 512034E126BC19C0005E05EA /* Student.swift */; };
		515F601826BAC21400141A17 /* CurrentCell.swift in Sources */ = {isa = PBXBuildFile; fileRef = 515F601726BAC21400141A17 /* CurrentCell.swift */; };
		5182A74E26B95F18005A29AD /* AppDelegate.swift in Sources */ = {isa = PBXBuildFile; fileRef = 5182A74D26B95F18005A29AD /* AppDelegate.swift */; };
		5182A75026B95F18005A29AD /* SceneDelegate.swift in Sources */ = {isa = PBXBuildFile; fileRef = 5182A74F26B95F18005A29AD /* SceneDelegate.swift */; };
		5182A75226B95F18005A29AD /* ViewController.swift in Sources */ = {isa = PBXBuildFile; fileRef = 5182A75126B95F18005A29AD /* ViewController.swift */; };
		5182A75526B95F18005A29AD /* Main.storyboard in Resources */ = {isa = PBXBuildFile; fileRef = 5182A75326B95F18005A29AD /* Main.storyboard */; };
		5182A75726B95F19005A29AD /* Assets.xcassets in Resources */ = {isa = PBXBuildFile; fileRef = 5182A75626B95F19005A29AD /* Assets.xcassets */; };
		5182A75A26B95F19005A29AD /* LaunchScreen.storyboard in Resources */ = {isa = PBXBuildFile; fileRef = 5182A75826B95F19005A29AD /* LaunchScreen.storyboard */; };
		5182A76926B9EBB1005A29AD /* TableViewCell.swift in Sources */ = {isa = PBXBuildFile; fileRef = 5182A76726B9EBB1005A29AD /* TableViewCell.swift */; };
		5182A76A26B9EBB1005A29AD /* TableViewCell.xib in Resources */ = {isa = PBXBuildFile; fileRef = 5182A76826B9EBB1005A29AD /* TableViewCell.xib */; };
/* End PBXBuildFile section */

/* Begin PBXFileReference section */
		512034D626BC0C95005E05EA /* Table2ViewController.swift */ = {isa = PBXFileReference; lastKnownFileType = sourcecode.swift; path = Table2ViewController.swift; sourceTree = "<group>"; };
		512034D826BC0CBC005E05EA /* Table2ViewController.storyboard */ = {isa = PBXFileReference; lastKnownFileType = file.storyboard; path = Table2ViewController.storyboard; sourceTree = "<group>"; };
		512034DC26BC1625005E05EA /* Table2ViewCell.swift */ = {isa = PBXFileReference; lastKnownFileType = sourcecode.swift; path = Table2ViewCell.swift; sourceTree = "<group>"; };
		512034DD26BC1625005E05EA /* Table2ViewCell.xib */ = {isa = PBXFileReference; lastKnownFileType = file.xib; path = Table2ViewCell.xib; sourceTree = "<group>"; };
		512034E126BC19C0005E05EA /* Student.swift */ = {isa = PBXFileReference; lastKnownFileType = sourcecode.swift; path = Student.swift; sourceTree = "<group>"; };
		515F601726BAC21400141A17 /* CurrentCell.swift */ = {isa = PBXFileReference; lastKnownFileType = sourcecode.swift; path = CurrentCell.swift; sourceTree = "<group>"; };
		5182A74A26B95F18005A29AD /* homeworkLesson16.app */ = {isa = PBXFileReference; explicitFileType = wrapper.application; includeInIndex = 0; path = homeworkLesson16.app; sourceTree = BUILT_PRODUCTS_DIR; };
		5182A74D26B95F18005A29AD /* AppDelegate.swift */ = {isa = PBXFileReference; lastKnownFileType = sourcecode.swift; path = AppDelegate.swift; sourceTree = "<group>"; };
		5182A74F26B95F18005A29AD /* SceneDelegate.swift */ = {isa = PBXFileReference; lastKnownFileType = sourcecode.swift; path = SceneDelegate.swift; sourceTree = "<group>"; };
		5182A75126B95F18005A29AD /* ViewController.swift */ = {isa = PBXFileReference; lastKnownFileType = sourcecode.swift; path = ViewController.swift; sourceTree = "<group>"; };
		5182A75426B95F18005A29AD /* Base */ = {isa = PBXFileReference; lastKnownFileType = file.storyboard; name = Base; path = Base.lproj/Main.storyboard; sourceTree = "<group>"; };
		5182A75626B95F19005A29AD /* Assets.xcassets */ = {isa = PBXFileReference; lastKnownFileType = folder.assetcatalog; path = Assets.xcassets; sourceTree = "<group>"; };
		5182A75926B95F19005A29AD /* Base */ = {isa = PBXFileReference; lastKnownFileType = file.storyboard; name = Base; path = Base.lproj/LaunchScreen.storyboard; sourceTree = "<group>"; };
		5182A75B26B95F19005A29AD /* Info.plist */ = {isa = PBXFileReference; lastKnownFileType = text.plist.xml; path = Info.plist; sourceTree = "<group>"; };
		5182A76726B9EBB1005A29AD /* TableViewCell.swift */ = {isa = PBXFileReference; lastKnownFileType = sourcecode.swift; path = TableViewCell.swift; sourceTree = "<group>"; };
		5182A76826B9EBB1005A29AD /* TableViewCell.xib */ = {isa = PBXFileReference; lastKnownFileType = file.xib; path = TableViewCell.xib; sourceTree = "<group>"; };
/* End PBXFileReference section */

/* Begin PBXFrameworksBuildPhase section */
		5182A74726B95F18005A29AD /* Frameworks */ = {
			isa = PBXFrameworksBuildPhase;
			buildActionMask = 2147483647;
			files = (
			);
			runOnlyForDeploymentPostprocessing = 0;
		};
/* End PBXFrameworksBuildPhase section */

/* Begin PBXGroup section */
		512034DA26BC0CC3005E05EA /* ViewControllers */ = {
			isa = PBXGroup;
			children = (
				5182A75126B95F18005A29AD /* ViewController.swift */,
				512034D626BC0C95005E05EA /* Table2ViewController.swift */,
			);
			path = ViewControllers;
			sourceTree = "<group>";
		};
		512034DB26BC0CEE005E05EA /* Storyboards */ = {
			isa = PBXGroup;
			children = (
				5182A75326B95F18005A29AD /* Main.storyboard */,
				512034D826BC0CBC005E05EA /* Table2ViewController.storyboard */,
			);
			path = Storyboards;
			sourceTree = "<group>";
		};
		512034E026BC1633005E05EA /* Table2ViewCell */ = {
			isa = PBXGroup;
			children = (
				512034DC26BC1625005E05EA /* Table2ViewCell.swift */,
				512034DD26BC1625005E05EA /* Table2ViewCell.xib */,
			);
			path = Table2ViewCell;
			sourceTree = "<group>";
		};
		5182A74126B95F18005A29AD = {
			isa = PBXGroup;
			children = (
				5182A74C26B95F18005A29AD /* homeworkLesson16 */,
				5182A74B26B95F18005A29AD /* Products */,
			);
			sourceTree = "<group>";
		};
		5182A74B26B95F18005A29AD /* Products */ = {
			isa = PBXGroup;
			children = (
				5182A74A26B95F18005A29AD /* homeworkLesson16.app */,
			);
			name = Products;
			sourceTree = "<group>";
		};
		5182A74C26B95F18005A29AD /* homeworkLesson16 */ = {
			isa = PBXGroup;
			children = (
				512034DB26BC0CEE005E05EA /* Storyboards */,
				512034DA26BC0CC3005E05EA /* ViewControllers */,
				5182A76126B9E094005A29AD /* Cells */,
				5182A74D26B95F18005A29AD /* AppDelegate.swift */,
				5182A74F26B95F18005A29AD /* SceneDelegate.swift */,
				5182A75626B95F19005A29AD /* Assets.xcassets */,
				5182A75826B95F19005A29AD /* LaunchScreen.storyboard */,
				5182A75B26B95F19005A29AD /* Info.plist */,
				515F601726BAC21400141A17 /* CurrentCell.swift */,
				512034E126BC19C0005E05EA /* Student.swift */,
			);
			path = homeworkLesson16;
			sourceTree = "<group>";
		};
		5182A76126B9E094005A29AD /* Cells */ = {
			isa = PBXGroup;
			children = (
				5182A76226B9E09F005A29AD /* TableViewCell */,
				512034E026BC1633005E05EA /* Table2ViewCell */,
			);
			path = Cells;
			sourceTree = "<group>";
		};
		5182A76226B9E09F005A29AD /* TableViewCell */ = {
			isa = PBXGroup;
			children = (
				5182A76726B9EBB1005A29AD /* TableViewCell.swift */,
				5182A76826B9EBB1005A29AD /* TableViewCell.xib */,
			);
			path = TableViewCell;
			sourceTree = "<group>";
		};
/* End PBXGroup section */

/* Begin PBXNativeTarget section */
		5182A74926B95F18005A29AD /* homeworkLesson16 */ = {
			isa = PBXNativeTarget;
			buildConfigurationList = 5182A75E26B95F19005A29AD /* Build configuration list for PBXNativeTarget "homeworkLesson16" */;
			buildPhases = (
				5182A74626B95F18005A29AD /* Sources */,
				5182A74726B95F18005A29AD /* Frameworks */,
				5182A74826B95F18005A29AD /* Resources */,
			);
			buildRules = (
			);
			dependencies = (
			);
			name = homeworkLesson16;
			productName = homeworkLesson16;
			productReference = 5182A74A26B95F18005A29AD /* homeworkLesson16.app */;
			productType = "com.apple.product-type.application";
		};
/* End PBXNativeTarget section */

/* Begin PBXProject section */
		5182A74226B95F18005A29AD /* Project object */ = {
			isa = PBXProject;
			attributes = {
				LastSwiftUpdateCheck = 1250;
				LastUpgradeCheck = 1250;
				TargetAttributes = {
					5182A74926B95F18005A29AD = {
						CreatedOnToolsVersion = 12.5;
					};
				};
			};
			buildConfigurationList = 5182A74526B95F18005A29AD /* Build configuration list for PBXProject "homeworkLesson16" */;
			compatibilityVersion = "Xcode 9.3";
			developmentRegion = en;
			hasScannedForEncodings = 0;
			knownRegions = (
				en,
				Base,
			);
			mainGroup = 5182A74126B95F18005A29AD;
			productRefGroup = 5182A74B26B95F18005A29AD /* Products */;
			projectDirPath = "";
			projectRoot = "";
			targets = (
				5182A74926B95F18005A29AD /* homeworkLesson16 */,
			);
		};
/* End PBXProject section */

/* Begin PBXResourcesBuildPhase section */
		5182A74826B95F18005A29AD /* Resources */ = {
			isa = PBXResourcesBuildPhase;
			buildActionMask = 2147483647;
			files = (
				512034DF26BC1625005E05EA /* Table2ViewCell.xib in Resources */,
				5182A75A26B95F19005A29AD /* LaunchScreen.storyboard in Resources */,
				5182A76A26B9EBB1005A29AD /* TableViewCell.xib in Resources */,
				5182A75726B95F19005A29AD /* Assets.xcassets in Resources */,
				512034D926BC0CBC005E05EA /* Table2ViewController.storyboard in Resources */,
				5182A75526B95F18005A29AD /* Main.storyboard in Resources */,
			);
			runOnlyForDeploymentPostprocessing = 0;
		};
/* End PBXResourcesBuildPhase section */

/* Begin PBXSourcesBuildPhase section */
		5182A74626B95F18005A29AD /* Sources */ = {
			isa = PBXSourcesBuildPhase;
			buildActionMask = 2147483647;
			files = (
				512034DE26BC1625005E05EA /* Table2ViewCell.swift in Sources */,
				5182A75226B95F18005A29AD /* ViewController.swift in Sources */,
				5182A76926B9EBB1005A29AD /* TableViewCell.swift in Sources */,
				5182A74E26B95F18005A29AD /* AppDelegate.swift in Sources */,
				5182A75026B95F18005A29AD /* SceneDelegate.swift in Sources */,
				512034D726BC0C95005E05EA /* Table2ViewController.swift in Sources */,
				515F601826BAC21400141A17 /* CurrentCell.swift in Sources */,
				512034E226BC19C0005E05EA /* Student.swift in Sources */,
			);
			runOnlyForDeploymentPostprocessing = 0;
		};
/* End PBXSourcesBuildPhase section */

/* Begin PBXVariantGroup section */
		5182A75326B95F18005A29AD /* Main.storyboard */ = {
			isa = PBXVariantGroup;
			children = (
				5182A75426B95F18005A29AD /* Base */,
			);
			name = Main.storyboard;
			sourceTree = "<group>";
		};
		5182A75826B95F19005A29AD /* LaunchScreen.storyboard */ = {
			isa = PBXVariantGroup;
			children = (
				5182A75926B95F19005A29AD /* Base */,
			);
			name = LaunchScreen.storyboard;
			sourceTree = "<group>";
		};
/* End PBXVariantGroup section */

/* Begin XCBuildConfiguration section */
		5182A75C26B95F19005A29AD /* Debug */ = {
			isa = XCBuildConfiguration;
			buildSettings = {
				ALWAYS_SEARCH_USER_PATHS = NO;
				CLANG_ANALYZER_NONNULL = YES;
				CLANG_ANALYZER_NUMBER_OBJECT_CONVERSION = YES_AGGRESSIVE;
				CLANG_CXX_LANGUAGE_STANDARD = "gnu++14";
				CLANG_CXX_LIBRARY = "libc++";
				CLANG_ENABLE_MODULES = YES;
				CLANG_ENABLE_OBJC_ARC = YES;
				CLANG_ENABLE_OBJC_WEAK = YES;
				CLANG_WARN_BLOCK_CAPTURE_AUTORELEASING = YES;
				CLANG_WARN_BOOL_CONVERSION = YES;
				CLANG_WARN_COMMA = YES;
				CLANG_WARN_CONSTANT_CONVERSION = YES;
				CLANG_WARN_DEPRECATED_OBJC_IMPLEMENTATIONS = YES;
				CLANG_WARN_DIRECT_OBJC_ISA_USAGE = YES_ERROR;
				CLANG_WARN_DOCUMENTATION_COMMENTS = YES;
				CLANG_WARN_EMPTY_BODY = YES;
				CLANG_WARN_ENUM_CONVERSION = YES;
				CLANG_WARN_INFINITE_RECURSION = YES;
				CLANG_WARN_INT_CONVERSION = YES;
				CLANG_WARN_NON_LITERAL_NULL_CONVERSION = YES;
				CLANG_WARN_OBJC_IMPLICIT_RETAIN_SELF = YES;
				CLANG_WARN_OBJC_LITERAL_CONVERSION = YES;
				CLANG_WARN_OBJC_ROOT_CLASS = YES_ERROR;
				CLANG_WARN_QUOTED_INCLUDE_IN_FRAMEWORK_HEADER = YES;
				CLANG_WARN_RANGE_LOOP_ANALYSIS = YES;
				CLANG_WARN_STRICT_PROTOTYPES = YES;
				CLANG_WARN_SUSPICIOUS_MOVE = YES;
				CLANG_WARN_UNGUARDED_AVAILABILITY = YES_AGGRESSIVE;
				CLANG_WARN_UNREACHABLE_CODE = YES;
				CLANG_WARN__DUPLICATE_METHOD_MATCH = YES;
				COPY_PHASE_STRIP = NO;
				DEBUG_INFORMATION_FORMAT = dwarf;
				ENABLE_STRICT_OBJC_MSGSEND = YES;
				ENABLE_TESTABILITY = YES;
				GCC_C_LANGUAGE_STANDARD = gnu11;
				GCC_DYNAMIC_NO_PIC = NO;
				GCC_NO_COMMON_BLOCKS = YES;
				GCC_OPTIMIZATION_LEVEL = 0;
				GCC_PREPROCESSOR_DEFINITIONS = (
					"DEBUG=1",
					"$(inherited)",
				);
				GCC_WARN_64_TO_32_BIT_CONVERSION = YES;
				GCC_WARN_ABOUT_RETURN_TYPE = YES_ERROR;
				GCC_WARN_UNDECLARED_SELECTOR = YES;
				GCC_WARN_UNINITIALIZED_AUTOS = YES_AGGRESSIVE;
				GCC_WARN_UNUSED_FUNCTION = YES;
				GCC_WARN_UNUSED_VARIABLE = YES;
				IPHONEOS_DEPLOYMENT_TARGET = 14.5;
				MTL_ENABLE_DEBUG_INFO = INCLUDE_SOURCE;
				MTL_FAST_MATH = YES;
				ONLY_ACTIVE_ARCH = YES;
				SDKROOT = iphoneos;
				SWIFT_ACTIVE_COMPILATION_CONDITIONS = DEBUG;
				SWIFT_OPTIMIZATION_LEVEL = "-Onone";
			};
			name = Debug;
		};
		5182A75D26B95F19005A29AD /* Release */ = {
			isa = XCBuildConfiguration;
			buildSettings = {
				ALWAYS_SEARCH_USER_PATHS = NO;
				CLANG_ANALYZER_NONNULL = YES;
				CLANG_ANALYZER_NUMBER_OBJECT_CONVERSION = YES_AGGRESSIVE;
				CLANG_CXX_LANGUAGE_STANDARD = "gnu++14";
				CLANG_CXX_LIBRARY = "libc++";
				CLANG_ENABLE_MODULES = YES;
				CLANG_ENABLE_OBJC_ARC = YES;
				CLANG_ENABLE_OBJC_WEAK = YES;
				CLANG_WARN_BLOCK_CAPTURE_AUTORELEASING = YES;
				CLANG_WARN_BOOL_CONVERSION = YES;
				CLANG_WARN_COMMA = YES;
				CLANG_WARN_CONSTANT_CONVERSION = YES;
				CLANG_WARN_DEPRECATED_OBJC_IMPLEMENTATIONS = YES;
				CLANG_WARN_DIRECT_OBJC_ISA_USAGE = YES_ERROR;
				CLANG_WARN_DOCUMENTATION_COMMENTS = YES;
				CLANG_WARN_EMPTY_BODY = YES;
				CLANG_WARN_ENUM_CONVERSION = YES;
				CLANG_WARN_INFINITE_RECURSION = YES;
				CLANG_WARN_INT_CONVERSION = YES;
				CLANG_WARN_NON_LITERAL_NULL_CONVERSION = YES;
				CLANG_WARN_OBJC_IMPLICIT_RETAIN_SELF = YES;
				CLANG_WARN_OBJC_LITERAL_CONVERSION = YES;
				CLANG_WARN_OBJC_ROOT_CLASS = YES_ERROR;
				CLANG_WARN_QUOTED_INCLUDE_IN_FRAMEWORK_HEADER = YES;
				CLANG_WARN_RANGE_LOOP_ANALYSIS = YES;
				CLANG_WARN_STRICT_PROTOTYPES = YES;
				CLANG_WARN_SUSPICIOUS_MOVE = YES;
				CLANG_WARN_UNGUARDED_AVAILABILITY = YES_AGGRESSIVE;
				CLANG_WARN_UNREACHABLE_CODE = YES;
				CLANG_WARN__DUPLICATE_METHOD_MATCH = YES;
				COPY_PHASE_STRIP = NO;
				DEBUG_INFORMATION_FORMAT = "dwarf-with-dsym";
				ENABLE_NS_ASSERTIONS = NO;
				ENABLE_STRICT_OBJC_MSGSEND = YES;
				GCC_C_LANGUAGE_STANDARD = gnu11;
				GCC_NO_COMMON_BLOCKS = YES;
				GCC_WARN_64_TO_32_BIT_CONVERSION = YES;
				GCC_WARN_ABOUT_RETURN_TYPE = YES_ERROR;
				GCC_WARN_UNDECLARED_SELECTOR = YES;
				GCC_WARN_UNINITIALIZED_AUTOS = YES_AGGRESSIVE;
				GCC_WARN_UNUSED_FUNCTION = YES;
				GCC_WARN_UNUSED_VARIABLE = YES;
				IPHONEOS_DEPLOYMENT_TARGET = 14.5;
				MTL_ENABLE_DEBUG_INFO = NO;
				MTL_FAST_MATH = YES;
				SDKROOT = iphoneos;
				SWIFT_COMPILATION_MODE = wholemodule;
				SWIFT_OPTIMIZATION_LEVEL = "-O";
				VALIDATE_PRODUCT = YES;
			};
			name = Release;
		};
		5182A75F26B95F19005A29AD /* Debug */ = {
			isa = XCBuildConfiguration;
			buildSettings = {
				ASSETCATALOG_COMPILER_APPICON_NAME = AppIcon;
				ASSETCATALOG_COMPILER_GLOBAL_ACCENT_COLOR_NAME = AccentColor;
				CODE_SIGN_STYLE = Automatic;
				INFOPLIST_FILE = homeworkLesson16/Info.plist;
				LD_RUNPATH_SEARCH_PATHS = (
					"$(inherited)",
					"@executable_path/Frameworks",
				);
				PRODUCT_BUNDLE_IDENTIFIER = com.yourcompany.test.homeworkLesson16;
				PRODUCT_NAME = "$(TARGET_NAME)";
				SWIFT_VERSION = 5.0;
				TARGETED_DEVICE_FAMILY = "1,2";
			};
			name = Debug;
		};
		5182A76026B95F19005A29AD /* Release */ = {
			isa = XCBuildConfiguration;
			buildSettings = {
				ASSETCATALOG_COMPILER_APPICON_NAME = AppIcon;
				ASSETCATALOG_COMPILER_GLOBAL_ACCENT_COLOR_NAME = AccentColor;
				CODE_SIGN_STYLE = Automatic;
				INFOPLIST_FILE = homeworkLesson16/Info.plist;
				LD_RUNPATH_SEARCH_PATHS = (
					"$(inherited)",
					"@executable_path/Frameworks",
				);
				PRODUCT_BUNDLE_IDENTIFIER = com.yourcompany.test.homeworkLesson16;
				PRODUCT_NAME = "$(TARGET_NAME)";
				SWIFT_VERSION = 5.0;
				TARGETED_DEVICE_FAMILY = "1,2";
			};
			name = Release;
		};
/* End XCBuildConfiguration section */

/* Begin XCConfigurationList section */
		5182A74526B95F18005A29AD /* Build configuration list for PBXProject "homeworkLesson16" */ = {
			isa = XCConfigurationList;
			buildConfigurations = (
				5182A75C26B95F19005A29AD /* Debug */,
				5182A75D26B95F19005A29AD /* Release */,
			);
			defaultConfigurationIsVisible = 0;
			defaultConfigurationName = Release;
		};
		5182A75E26B95F19005A29AD /* Build configuration list for PBXNativeTarget "homeworkLesson16" */ = {
			isa = XCConfigurationList;
			buildConfigurations = (
				5182A75F26B95F19005A29AD /* Debug */,
				5182A76026B95F19005A29AD /* Release */,
			);
			defaultConfigurationIsVisible = 0;
			defaultConfigurationName = Release;
		};
/* End XCConfigurationList section */
	};
	rootObject = 5182A74226B95F18005A29AD /* Project object */;
}
